
Microsoft Visual Studio Solution File, Format Version 12.00
# Visual Studio Version 16
VisualStudioVersion = 16.0.32930.78
MinimumVisualStudioVersion = 10.0.40219.1
Project("{FAE04EC0-301F-11D3-BF4B-00C04F79EFBC}") = "VirtualCardsApi", "VirtualCardsApi2\VirtualCardsApi.csproj", "{032CC015-16FA-4A4F-A421-C7522919E593}"
EndProject
Project("{FAE04EC0-301F-11D3-BF4B-00C04F79EFBC}") = "VirtualCards.Domain", "VirtualCards.Domain\VirtualCards.Domain.csproj", "{B1A538B8-59D7-490C-A061-976D602ACE6D}"
EndProject
Project("{FAE04EC0-301F-11D3-BF4B-00C04F79EFBC}") = "VirtualCards.Infrastructure", "VirtualCards.Infrastructure\VirtualCards.Infrastructure.csproj", "{12B93E7E-5264-4500-AC68-241B685DF206}"
EndProject
Project("{FAE04EC0-301F-11D3-BF4B-00C04F79EFBC}") = "VirtualCards.Application", "VirtualCards.Application\VirtualCards.Application.csproj", "{9F0FE545-4356-4E05-A469-88CC488BA8AF}"
EndProject
Project("{FAE04EC0-301F-11D3-BF4B-00C04F79EFBC}") = "VirtualCards.Shared", "VirtualCards.Shared\VirtualCards.Shared.csproj", "{E907A045-26F1-4C93-8A1D-46872907C42C}"
EndProject
Global
	GlobalSection(SolutionConfigurationPlatforms) = preSolution
		Debug|Any CPU = Debug|Any CPU
		Release|Any CPU = Release|Any CPU
	EndGlobalSection
	GlobalSection(ProjectConfigurationPlatforms) = postSolution
		{032CC015-16FA-4A4F-A421-C7522919E593}.Debug|Any CPU.ActiveCfg = Debug|Any CPU
		{032CC015-16FA-4A4F-A421-C7522919E593}.Debug|Any CPU.Build.0 = Debug|Any CPU
		{032CC015-16FA-4A4F-A421-C7522919E593}.Release|Any CPU.ActiveCfg = Release|Any CPU
		{032CC015-16FA-4A4F-A421-C7522919E593}.Release|Any CPU.Build.0 = Release|Any CPU
		{B1A538B8-59D7-490C-A061-976D602ACE6D}.Debug|Any CPU.ActiveCfg = Debug|Any CPU
		{B1A538B8-59D7-490C-A061-976D602ACE6D}.Debug|Any CPU.Build.0 = Debug|Any CPU
		{B1A538B8-59D7-490C-A061-976D602ACE6D}.Release|Any CPU.ActiveCfg = Release|Any CPU
		{B1A538B8-59D7-490C-A061-976D602ACE6D}.Release|Any CPU.Build.0 = Release|Any CPU
		{12B93E7E-5264-4500-AC68-241B685DF206}.Debug|Any CPU.ActiveCfg = Debug|Any CPU
		{12B93E7E-5264-4500-AC68-241B685DF206}.Debug|Any CPU.Build.0 = Debug|Any CPU
		{12B93E7E-5264-4500-AC68-241B685DF206}.Release|Any CPU.ActiveCfg = Release|Any CPU
		{12B93E7E-5264-4500-AC68-241B685DF206}.Release|Any CPU.Build.0 = Release|Any CPU
		{9F0FE545-4356-4E05-A469-88CC488BA8AF}.Debug|Any CPU.ActiveCfg = Debug|Any CPU
		{9F0FE545-4356-4E05-A469-88CC488BA8AF}.Debug|Any CPU.Build.0 = Debug|Any CPU
		{9F0FE545-4356-4E05-A469-88CC488BA8AF}.Release|Any CPU.ActiveCfg = Release|Any CPU
		{9F0FE545-4356-4E05-A469-88CC488BA8AF}.Release|Any CPU.Build.0 = Release|Any CPU
		{E907A045-26F1-4C93-8A1D-46872907C42C}.Debug|Any CPU.ActiveCfg = Debug|Any CPU
		{E907A045-26F1-4C93-8A1D-46872907C42C}.Debug|Any CPU.Build.0 = Debug|Any CPU
		{E907A045-26F1-4C93-8A1D-46872907C42C}.Release|Any CPU.ActiveCfg = Release|Any CPU
		{E907A045-26F1-4C93-8A1D-46872907C42C}.Release|Any CPU.Build.0 = Release|Any CPU
	EndGlobalSection
	GlobalSection(SolutionProperties) = preSolution
		HideSolutionNode = FALSE
	EndGlobalSection
	GlobalSection(ExtensibilityGlobals) = postSolution
		SolutionGuid = {A57F719D-034D-4167-87A4-09FEF879C719}
	EndGlobalSection
EndGlobal
